
Microsoft Visual Studio Solution File, Format Version 12.00
# Visual Studio 2015
Project("{FAE04EC0-301F-11D3-BF4B-00C04F79EFBC}") = "Hololens Test v2", "Hololens Test v2.csproj", "{82A413B5-BDAF-177C-6114-54A41E7D9B73}"
EndProject
Project("{FAE04EC0-301F-11D3-BF4B-00C04F79EFBC}") = "Hololens Test v2.Editor", "Hololens Test v2.Editor.csproj", "{185C1116-557B-7FA9-DBD0-1A6E04E77253}"
EndProject
Global
	GlobalSection(SolutionConfigurationPlatforms) = preSolution
		Debug|Any CPU = Debug|Any CPU
		Release|Any CPU = Release|Any CPU
	EndGlobalSection
	GlobalSection(ProjectConfigurationPlatforms) = postSolution
		{82A413B5-BDAF-177C-6114-54A41E7D9B73}.Debug|Any CPU.ActiveCfg = Debug|Any CPU
		{82A413B5-BDAF-177C-6114-54A41E7D9B73}.Debug|Any CPU.Build.0 = Debug|Any CPU
		{82A413B5-BDAF-177C-6114-54A41E7D9B73}.Release|Any CPU.ActiveCfg = Release|Any CPU
		{82A413B5-BDAF-177C-6114-54A41E7D9B73}.Release|Any CPU.Build.0 = Release|Any CPU
		{185C1116-557B-7FA9-DBD0-1A6E04E77253}.Debug|Any CPU.ActiveCfg = Debug|Any CPU
		{185C1116-557B-7FA9-DBD0-1A6E04E77253}.Debug|Any CPU.Build.0 = Debug|Any CPU
		{185C1116-557B-7FA9-DBD0-1A6E04E77253}.Release|Any CPU.ActiveCfg = Release|Any CPU
		{185C1116-557B-7FA9-DBD0-1A6E04E77253}.Release|Any CPU.Build.0 = Release|Any CPU
	EndGlobalSection
	GlobalSection(SolutionProperties) = preSolution
		HideSolutionNode = FALSE
	EndGlobalSection
EndGlobal
