
Microsoft Visual Studio Solution File, Format Version 11.00
# Visual Studio 2010
Project("{FAE04EC0-301F-11D3-BF4B-00C04F79EFBC}") = "Watson Tags UI", "Assembly-CSharp.csproj", "{419EF7A4-0766-8207-9D7A-BA88F18C8CA0}"
EndProject
Project("{FAE04EC0-301F-11D3-BF4B-00C04F79EFBC}") = "Watson Tags UI", "Assembly-CSharp-Editor.csproj", "{9689685E-5693-7335-7EEA-074C03E1ABCB}"
EndProject
Global
	GlobalSection(SolutionConfigurationPlatforms) = preSolution
		Debug|Any CPU = Debug|Any CPU
		Release|Any CPU = Release|Any CPU
	EndGlobalSection
	GlobalSection(ProjectConfigurationPlatforms) = postSolution
		{419EF7A4-0766-8207-9D7A-BA88F18C8CA0}.Debug|Any CPU.ActiveCfg = Debug|Any CPU
		{419EF7A4-0766-8207-9D7A-BA88F18C8CA0}.Debug|Any CPU.Build.0 = Debug|Any CPU
		{419EF7A4-0766-8207-9D7A-BA88F18C8CA0}.Release|Any CPU.ActiveCfg = Release|Any CPU
		{419EF7A4-0766-8207-9D7A-BA88F18C8CA0}.Release|Any CPU.Build.0 = Release|Any CPU
		{9689685E-5693-7335-7EEA-074C03E1ABCB}.Debug|Any CPU.ActiveCfg = Debug|Any CPU
		{9689685E-5693-7335-7EEA-074C03E1ABCB}.Debug|Any CPU.Build.0 = Debug|Any CPU
		{9689685E-5693-7335-7EEA-074C03E1ABCB}.Release|Any CPU.ActiveCfg = Release|Any CPU
		{9689685E-5693-7335-7EEA-074C03E1ABCB}.Release|Any CPU.Build.0 = Release|Any CPU
	EndGlobalSection
	GlobalSection(SolutionProperties) = preSolution
		HideSolutionNode = FALSE
	EndGlobalSection
	GlobalSection(MonoDevelopProperties) = preSolution
		StartupItem = Assembly-CSharp.csproj
	EndGlobalSection
EndGlobal
